
Microsoft Visual Studio Solution File, Format Version 12.00
# Visual Studio Version 16
VisualStudioVersion = 16.0.30225.117
MinimumVisualStudioVersion = 10.0.40219.1
Project("{F184B08F-C81C-45F6-A57F-5ABD9991F28F}") = "PIC18F4550_USB", "PIC18F4550_USB.vbproj", "{4DC3AFA1-DA5B-4768-9D1E-23E8E912A721}"
EndProject
Global
	GlobalSection(SolutionConfigurationPlatforms) = preSolution
		Debug|Any CPU = Debug|Any CPU
		Release|Any CPU = Release|Any CPU
	EndGlobalSection
	GlobalSection(ProjectConfigurationPlatforms) = postSolution
		{4DC3AFA1-DA5B-4768-9D1E-23E8E912A721}.Debug|Any CPU.ActiveCfg = Debug|Any CPU
		{4DC3AFA1-DA5B-4768-9D1E-23E8E912A721}.Debug|Any CPU.Build.0 = Debug|Any CPU
		{4DC3AFA1-DA5B-4768-9D1E-23E8E912A721}.Release|Any CPU.ActiveCfg = Release|Any CPU
		{4DC3AFA1-DA5B-4768-9D1E-23E8E912A721}.Release|Any CPU.Build.0 = Release|Any CPU
	EndGlobalSection
	GlobalSection(SolutionProperties) = preSolution
		HideSolutionNode = FALSE
	EndGlobalSection
	GlobalSection(ExtensibilityGlobals) = postSolution
		SolutionGuid = {58716398-818C-43AA-9848-F36CCAA99276}
	EndGlobalSection
EndGlobal
